
Microsoft Visual Studio Solution File, Format Version 12.00
# Visual Studio 15
VisualStudioVersion = 15.0.28307.779
MinimumVisualStudioVersion = 10.0.40219.1
Project("{FAE04EC0-301F-11D3-BF4B-00C04F79EFBC}") = "AlreadySee", "AlreadySee.csproj", "{A789E7C5-2FDF-4D8B-8115-20E5DAD01028}"
EndProject
Global
	GlobalSection(SolutionConfigurationPlatforms) = preSolution
		Debug|Any CPU = Debug|Any CPU
		Release|Any CPU = Release|Any CPU
	EndGlobalSection
	GlobalSection(ProjectConfigurationPlatforms) = postSolution
		{A789E7C5-2FDF-4D8B-8115-20E5DAD01028}.Debug|Any CPU.ActiveCfg = Debug|Any CPU
		{A789E7C5-2FDF-4D8B-8115-20E5DAD01028}.Debug|Any CPU.Build.0 = Debug|Any CPU
		{A789E7C5-2FDF-4D8B-8115-20E5DAD01028}.Release|Any CPU.ActiveCfg = Release|Any CPU
		{A789E7C5-2FDF-4D8B-8115-20E5DAD01028}.Release|Any CPU.Build.0 = Release|Any CPU
	EndGlobalSection
	GlobalSection(SolutionProperties) = preSolution
		HideSolutionNode = FALSE
	EndGlobalSection
	GlobalSection(ExtensibilityGlobals) = postSolution
		SolutionGuid = {1E974929-A882-4B4D-8637-021E772EE105}
	EndGlobalSection
EndGlobal
